# This file is automatically @generated by Cargo.
# It is not intended for manual editing.
version = 4

[[package]]
name = "batch-wasm"
version = "0.1.0"
dependencies = [
 "pc-core",
]

[[package]]
name = "legal-gen"
version = "0.1.0"
dependencies = [
 "pc-core",
]

[[package]]
name = "pc-core"
version = "0.2.0"

[[package]]
name = "pc-wasm"
version = "0.2.0"
dependencies = [
 "pc-core",
]
